Microsoft Visual Studio Solution File, Format Version 12.00
# Visual Studio Version 17
VisualStudioVersion = 17.5.2.0
MinimumVisualStudioVersion = 10.0.40219.1
Project("{FAE04EC0-301F-11D3-BF4B-00C04F79EFBC}") = "PosterCMS", "PosterCMS\PosterCMS.csproj", "{C34CF3D6-22DA-6217-8265-DBFBCEDE8DA5}"
EndProject
Global
	GlobalSection(SolutionConfigurationPlatforms) = preSolution
		Debug|Any CPU = Debug|Any CPU
		Release|Any CPU = Release|Any CPU
	EndGlobalSection
	GlobalSection(ProjectConfigurationPlatforms) = postSolution
		{C34CF3D6-22DA-6217-8265-DBFBCEDE8DA5}.Debug|Any CPU.ActiveCfg = Debug|Any CPU
		{C34CF3D6-22DA-6217-8265-DBFBCEDE8DA5}.Debug|Any CPU.Build.0 = Debug|Any CPU
		{C34CF3D6-22DA-6217-8265-DBFBCEDE8DA5}.Release|Any CPU.ActiveCfg = Release|Any CPU
		{C34CF3D6-22DA-6217-8265-DBFBCEDE8DA5}.Release|Any CPU.Build.0 = Release|Any CPU
	EndGlobalSection
	GlobalSection(SolutionProperties) = preSolution
		HideSolutionNode = FALSE
	EndGlobalSection
	GlobalSection(ExtensibilityGlobals) = postSolution
		SolutionGuid = {0792F485-A066-4793-9BF4-829D056EE2F2}
	EndGlobalSection
EndGlobal
